
Microsoft Visual Studio Solution File, Format Version 12.00
Project("{FAE04EC0-301F-11D3-BF4B-00C04F79EFBC}") = "gRPCServer", "gRPCServer\gRPCServer.csproj", "{992B1974-4733-49B8-BE1E-A6F657BA38C0}"
EndProject
Project("{FAE04EC0-301F-11D3-BF4B-00C04F79EFBC}") = "gRPCClient", "gRPCClient\gRPCClient.csproj", "{4A327C8B-EC50-495B-AE3F-032F65862626}"
EndProject
Global
	GlobalSection(SolutionConfigurationPlatforms) = preSolution
		Debug|Any CPU = Debug|Any CPU
		Release|Any CPU = Release|Any CPU
	EndGlobalSection
	GlobalSection(ProjectConfigurationPlatforms) = postSolution
		{992B1974-4733-49B8-BE1E-A6F657BA38C0}.Debug|Any CPU.ActiveCfg = Debug|Any CPU
		{992B1974-4733-49B8-BE1E-A6F657BA38C0}.Debug|Any CPU.Build.0 = Debug|Any CPU
		{992B1974-4733-49B8-BE1E-A6F657BA38C0}.Release|Any CPU.ActiveCfg = Release|Any CPU
		{992B1974-4733-49B8-BE1E-A6F657BA38C0}.Release|Any CPU.Build.0 = Release|Any CPU
		{4A327C8B-EC50-495B-AE3F-032F65862626}.Debug|Any CPU.ActiveCfg = Debug|Any CPU
		{4A327C8B-EC50-495B-AE3F-032F65862626}.Debug|Any CPU.Build.0 = Debug|Any CPU
		{4A327C8B-EC50-495B-AE3F-032F65862626}.Release|Any CPU.ActiveCfg = Release|Any CPU
		{4A327C8B-EC50-495B-AE3F-032F65862626}.Release|Any CPU.Build.0 = Release|Any CPU
	EndGlobalSection
EndGlobal
